
Microsoft Visual Studio Solution File, Format Version 12.00
# Visual Studio Version 16
VisualStudioVersion = 16.0.32106.194
MinimumVisualStudioVersion = 10.0.40219.1
Project("{9A19103F-16F7-4668-BE54-9A1E7A4F7556}") = "lab1", "lab1\lab1.csproj", "{A6CB13E6-FE69-4A4D-BE96-3FCAF6EDEEF2}"
EndProject
Project("{9A19103F-16F7-4668-BE54-9A1E7A4F7556}") = "lab-2", "lab-2\lab-2.csproj", "{A1067829-ED02-4427-A4E3-F0E2C1936A2D}"
EndProject
Project("{9A19103F-16F7-4668-BE54-9A1E7A4F7556}") = "lab3", "lab3\lab3.csproj", "{D6F9126D-F941-4E42-AB12-AA9B16D0047F}"
EndProject
Project("{9A19103F-16F7-4668-BE54-9A1E7A4F7556}") = "lab4", "lab4\lab4.csproj", "{AB3B9484-86BD-40B4-9D16-83C67C2334DB}"
EndProject
Project("{FAE04EC0-301F-11D3-BF4B-00C04F79EFBC}") = "lab5", "lab5\lab5.csproj", "{978D0254-A838-48DF-AB26-AC45FA636224}"
EndProject
Global
	GlobalSection(SolutionConfigurationPlatforms) = preSolution
		Debug|Any CPU = Debug|Any CPU
		Release|Any CPU = Release|Any CPU
	EndGlobalSection
	GlobalSection(ProjectConfigurationPlatforms) = postSolution
		{A6CB13E6-FE69-4A4D-BE96-3FCAF6EDEEF2}.Debug|Any CPU.ActiveCfg = Debug|Any CPU
		{A6CB13E6-FE69-4A4D-BE96-3FCAF6EDEEF2}.Debug|Any CPU.Build.0 = Debug|Any CPU
		{A6CB13E6-FE69-4A4D-BE96-3FCAF6EDEEF2}.Release|Any CPU.ActiveCfg = Release|Any CPU
		{A6CB13E6-FE69-4A4D-BE96-3FCAF6EDEEF2}.Release|Any CPU.Build.0 = Release|Any CPU
		{A1067829-ED02-4427-A4E3-F0E2C1936A2D}.Debug|Any CPU.ActiveCfg = Debug|Any CPU
		{A1067829-ED02-4427-A4E3-F0E2C1936A2D}.Debug|Any CPU.Build.0 = Debug|Any CPU
		{A1067829-ED02-4427-A4E3-F0E2C1936A2D}.Release|Any CPU.ActiveCfg = Release|Any CPU
		{A1067829-ED02-4427-A4E3-F0E2C1936A2D}.Release|Any CPU.Build.0 = Release|Any CPU
		{D6F9126D-F941-4E42-AB12-AA9B16D0047F}.Debug|Any CPU.ActiveCfg = Debug|Any CPU
		{D6F9126D-F941-4E42-AB12-AA9B16D0047F}.Debug|Any CPU.Build.0 = Debug|Any CPU
		{D6F9126D-F941-4E42-AB12-AA9B16D0047F}.Release|Any CPU.ActiveCfg = Release|Any CPU
		{D6F9126D-F941-4E42-AB12-AA9B16D0047F}.Release|Any CPU.Build.0 = Release|Any CPU
		{AB3B9484-86BD-40B4-9D16-83C67C2334DB}.Debug|Any CPU.ActiveCfg = Debug|Any CPU
		{AB3B9484-86BD-40B4-9D16-83C67C2334DB}.Debug|Any CPU.Build.0 = Debug|Any CPU
		{AB3B9484-86BD-40B4-9D16-83C67C2334DB}.Release|Any CPU.ActiveCfg = Release|Any CPU
		{AB3B9484-86BD-40B4-9D16-83C67C2334DB}.Release|Any CPU.Build.0 = Release|Any CPU
		{978D0254-A838-48DF-AB26-AC45FA636224}.Debug|Any CPU.ActiveCfg = Debug|Any CPU
		{978D0254-A838-48DF-AB26-AC45FA636224}.Debug|Any CPU.Build.0 = Debug|Any CPU
		{978D0254-A838-48DF-AB26-AC45FA636224}.Release|Any CPU.ActiveCfg = Release|Any CPU
		{978D0254-A838-48DF-AB26-AC45FA636224}.Release|Any CPU.Build.0 = Release|Any CPU
	EndGlobalSection
	GlobalSection(SolutionProperties) = preSolution
		HideSolutionNode = FALSE
	EndGlobalSection
	GlobalSection(ExtensibilityGlobals) = postSolution
		SolutionGuid = {B99C2A66-03D8-4FA4-83A4-763139208B29}
	EndGlobalSection
EndGlobal
